
Microsoft Visual Studio Solution File, Format Version 12.00
# Visual Studio Version 17
VisualStudioVersion = 17.8.34309.116
MinimumVisualStudioVersion = 10.0.40219.1
Project("{FAE04EC0-301F-11D3-BF4B-00C04F79EFBC}") = "API", "API\API.csproj", "{FC7B71E8-BD04-4B4C-8C2A-228DF8573199}"
EndProject
Global
	GlobalSection(SolutionConfigurationPlatforms) = preSolution
		Debug|Any CPU = Debug|Any CPU
		Release|Any CPU = Release|Any CPU
	EndGlobalSection
	GlobalSection(ProjectConfigurationPlatforms) = postSolution
		{FC7B71E8-BD04-4B4C-8C2A-228DF8573199}.Debug|Any CPU.ActiveCfg = Debug|Any CPU
		{FC7B71E8-BD04-4B4C-8C2A-228DF8573199}.Debug|Any CPU.Build.0 = Debug|Any CPU
		{FC7B71E8-BD04-4B4C-8C2A-228DF8573199}.Release|Any CPU.ActiveCfg = Release|Any CPU
		{FC7B71E8-BD04-4B4C-8C2A-228DF8573199}.Release|Any CPU.Build.0 = Release|Any CPU
	EndGlobalSection
	GlobalSection(SolutionProperties) = preSolution
		HideSolutionNode = FALSE
	EndGlobalSection
	GlobalSection(ExtensibilityGlobals) = postSolution
		SolutionGuid = {CBE81C7A-0773-40A3-BA7F-F1FFAF1EFE12}
	EndGlobalSection
EndGlobal
